
Microsoft Visual Studio Solution File, Format Version 12.00
# Visual Studio Version 17
VisualStudioVersion = 17.12.35707.178 d17.12
MinimumVisualStudioVersion = 10.0.40219.1
Project("{FAE04EC0-301F-11D3-BF4B-00C04F79EFBC}") = "AutosplitterComponent", "AutosplitterComponent.csproj", "{93B243B1-26EF-4A4E-8B37-D7BECE97EBF4}"
EndProject
Project("{FAE04EC0-301F-11D3-BF4B-00C04F79EFBC}") = "LiveSplit.Core", "..\LiveSplit\src\LiveSplit.Core\LiveSplit.Core.csproj", "{2A7F133E-B7BE-495A-99A0-9608370167AC}"
EndProject
Project("{FAE04EC0-301F-11D3-BF4B-00C04F79EFBC}") = "UpdateManager", "..\LiveSplit\src\UpdateManager\UpdateManager.csproj", "{834BB883-5889-474F-9475-0025A00B35EB}"
EndProject
Project("{FAE04EC0-301F-11D3-BF4B-00C04F79EFBC}") = "CustomFontDialog", "..\LiveSplit\lib\CustomFontDialog\CustomFontDialog\CustomFontDialog.csproj", "{2F8A5890-FA98-47B6-8BB7-D602DA14A95B}"
EndProject
Project("{FAE04EC0-301F-11D3-BF4B-00C04F79EFBC}") = "SpeedrunComSharp", "..\LiveSplit\lib\SpeedrunComSharp\src\SpeedrunComSharp\SpeedrunComSharp.csproj", "{F46C30F7-6435-4BBE-B42A-7DEE2FDA7F98}"
EndProject
Project("{FAE04EC0-301F-11D3-BF4B-00C04F79EFBC}") = "WinFormsColor", "..\LiveSplit\lib\WinForms Color Picker\WinFormsColor\WinFormsColor.csproj", "{F2EC9D82-3B40-4CEC-9CBA-6341C00CFBA4}"
EndProject
Global
	GlobalSection(SolutionConfigurationPlatforms) = preSolution
		Debug|Any CPU = Debug|Any CPU
		Release|Any CPU = Release|Any CPU
	EndGlobalSection
	GlobalSection(ProjectConfigurationPlatforms) = postSolution
		{93B243B1-26EF-4A4E-8B37-D7BECE97EBF4}.Debug|Any CPU.ActiveCfg = Debug|Any CPU
		{93B243B1-26EF-4A4E-8B37-D7BECE97EBF4}.Debug|Any CPU.Build.0 = Debug|Any CPU
		{93B243B1-26EF-4A4E-8B37-D7BECE97EBF4}.Release|Any CPU.ActiveCfg = Release|Any CPU
		{93B243B1-26EF-4A4E-8B37-D7BECE97EBF4}.Release|Any CPU.Build.0 = Release|Any CPU
		{2A7F133E-B7BE-495A-99A0-9608370167AC}.Debug|Any CPU.ActiveCfg = Debug|Any CPU
		{2A7F133E-B7BE-495A-99A0-9608370167AC}.Debug|Any CPU.Build.0 = Debug|Any CPU
		{2A7F133E-B7BE-495A-99A0-9608370167AC}.Release|Any CPU.ActiveCfg = Release|Any CPU
		{2A7F133E-B7BE-495A-99A0-9608370167AC}.Release|Any CPU.Build.0 = Release|Any CPU
		{834BB883-5889-474F-9475-0025A00B35EB}.Debug|Any CPU.ActiveCfg = Debug|Any CPU
		{834BB883-5889-474F-9475-0025A00B35EB}.Debug|Any CPU.Build.0 = Debug|Any CPU
		{834BB883-5889-474F-9475-0025A00B35EB}.Release|Any CPU.ActiveCfg = Release|Any CPU
		{834BB883-5889-474F-9475-0025A00B35EB}.Release|Any CPU.Build.0 = Release|Any CPU
		{2F8A5890-FA98-47B6-8BB7-D602DA14A95B}.Debug|Any CPU.ActiveCfg = Debug|Any CPU
		{2F8A5890-FA98-47B6-8BB7-D602DA14A95B}.Debug|Any CPU.Build.0 = Debug|Any CPU
		{2F8A5890-FA98-47B6-8BB7-D602DA14A95B}.Release|Any CPU.ActiveCfg = Release|Any CPU
		{2F8A5890-FA98-47B6-8BB7-D602DA14A95B}.Release|Any CPU.Build.0 = Release|Any CPU
		{F46C30F7-6435-4BBE-B42A-7DEE2FDA7F98}.Debug|Any CPU.ActiveCfg = Debug|Any CPU
		{F46C30F7-6435-4BBE-B42A-7DEE2FDA7F98}.Debug|Any CPU.Build.0 = Debug|Any CPU
		{F46C30F7-6435-4BBE-B42A-7DEE2FDA7F98}.Release|Any CPU.ActiveCfg = Release|Any CPU
		{F46C30F7-6435-4BBE-B42A-7DEE2FDA7F98}.Release|Any CPU.Build.0 = Release|Any CPU
		{F2EC9D82-3B40-4CEC-9CBA-6341C00CFBA4}.Debug|Any CPU.ActiveCfg = Debug|Any CPU
		{F2EC9D82-3B40-4CEC-9CBA-6341C00CFBA4}.Debug|Any CPU.Build.0 = Debug|Any CPU
		{F2EC9D82-3B40-4CEC-9CBA-6341C00CFBA4}.Release|Any CPU.ActiveCfg = Release|Any CPU
		{F2EC9D82-3B40-4CEC-9CBA-6341C00CFBA4}.Release|Any CPU.Build.0 = Release|Any CPU
	EndGlobalSection
	GlobalSection(SolutionProperties) = preSolution
		HideSolutionNode = FALSE
	EndGlobalSection
EndGlobal
